{
    "_readme": [
        "This file locks the dependencies of your project to a known state",
        "Read more about it at https://getcomposer.org/doc/01-basic-usage.md#composer-lock-the-lock-file",
        "This file is @generated automatically"
    ],
    "hash": "8d5b0706a62d3eaac9fd18d2d04553ca",
    "content-hash": "116594841387cce62f1302efed5a740c",
    "packages": [
        {
            "name": "google/apiclient",
            "version": "1.1.7",
            "source": {
                "type": "git",
                "url": "https://github.com/google/google-api-php-client.git",
                "reference": "400f250a30ae1dd4c4a0a4f750fe973fc70e6311"
            },
            "dist": {
                "type": "zip",
                "url": "https://api.github.com/repos/google/google-api-php-client/zipball/400f250a30ae1dd4c4a0a4f750fe973fc70e6311",
                "reference": "400f250a30ae1dd4c4a0a4f750fe973fc70e6311",
                "shasum": ""
            },
            "require": {
                "php": ">=5.2.1"
            },
            "require-dev": {
                "phpunit/phpunit": "3.7.*",
                "squizlabs/php_codesniffer": "~2.3"
            },
            "type": "library",
            "extra": {
                "branch-alias": {
                    "dev-master": "1.1.x-dev"
                }
            },
            "autoload": {
                "classmap": [
                    "src/"
                ]
            },
            "notification-url": "https://packagist.org/downloads/",
            "license": [
                "Apache-2.0"
            ],
            "description": "Client library for Google APIs",
            "homepage": "http://developers.google.com/api-client-library/php",
            "keywords": [
                "google"
            ],
            "time": "2016-02-02 18:50:42"
        },
        {
            "name": "nikic/php-parser",
            "version": "1.x-dev",
            "source": {
                "type": "git",
                "url": "https://github.com/nikic/PHP-Parser.git",
                "reference": "c4bbc8e236a1f21b2b17cfbf3d46aa6ece69b9f7"
            },
            "dist": {
                "type": "zip",
                "url": "https://api.github.com/repos/nikic/PHP-Parser/zipball/c4bbc8e236a1f21b2b17cfbf3d46aa6ece69b9f7",
                "reference": "c4bbc8e236a1f21b2b17cfbf3d46aa6ece69b9f7",
                "shasum": ""
            },
            "require": {
                "ext-tokenizer": "*",
                "php": ">=5.3"
            },
            "type": "library",
            "extra": {
                "branch-alias": {
                    "dev-master": "1.4-dev"
                }
            },
            "autoload": {
                "files": [
                    "lib/bootstrap.php"
                ]
            },
            "notification-url": "https://packagist.org/downloads/",
            "license": [
                "BSD-3-Clause"
            ],
            "authors": [
                {
                    "name": "Nikita Popov"
                }
            ],
            "description": "A PHP parser written in PHP",
            "keywords": [
                "parser",
                "php"
            ],
            "time": "2016-01-15 21:03:42"
        },
        {
            "name": "rtens/domin",
            "version": "dev-master",
            "source": {
                "type": "git",
                "url": "https://github.com/rtens/domin.git",
                "reference": "cce1ab8926c05fb87d66ec4418af18b4b41d4718"
            },
            "dist": {
                "type": "zip",
                "url": "https://api.github.com/repos/rtens/domin/zipball/cce1ab8926c05fb87d66ec4418af18b4b41d4718",
                "reference": "cce1ab8926c05fb87d66ec4418af18b4b41d4718",
                "shasum": ""
            },
            "require": {
                "watoki/factory": "1.*",
                "watoki/reflect": "1.*"
            },
            "require-dev": {
                "rtens/mockster": "3.*",
                "rtens/scrut": "1.*"
            },
            "suggest": {
                "erusev/parsedown": "To parse Action and Parameter descriptions for HTML output.",
                "league/climate": "Used by some CLI components",
                "mobiledetect/mobiledetectlib": "To enable mobile-specific client-side code only when on mobile.",
                "silex/silex": "Supported delivery system",
                "watoki/curir": "Supported delivery system."
            },
            "type": "library",
            "autoload": {
                "psr-4": {
                    "rtens\\domin\\": "src/"
                }
            },
            "notification-url": "https://packagist.org/downloads/",
            "license": [
                "MIT"
            ],
            "authors": [
                {
                    "name": "Nikolas Martens",
                    "email": "Nikolas.M@rtens.org",
                    "homepage": "http://rtens.org"
                }
            ],
            "description": "General purpose DDD-friendly administration interface",
            "homepage": "http://github.com/rtens/domin",
            "keywords": [
                "admin",
                "administration",
                "cms",
                "ddd",
                "domain model"
            ],
            "time": "2016-02-29 10:17:47"
        },
        {
            "name": "watoki/collections",
            "version": "dev-master",
            "source": {
                "type": "git",
                "url": "https://github.com/watoki/collections.git",
                "reference": "ff9c866020c7f2daff1b9bc24fe6d64e218af157"
            },
            "dist": {
                "type": "zip",
                "url": "https://api.github.com/repos/watoki/collections/zipball/ff9c866020c7f2daff1b9bc24fe6d64e218af157",
                "reference": "ff9c866020c7f2daff1b9bc24fe6d64e218af157",
                "shasum": ""
            },
            "require": {
                "php": ">=5.3.2",
                "watoki/smokey": "*"
            },
            "type": "library",
            "autoload": {
                "psr-0": {
                    "spec\\watoki\\collections": "",
                    "watoki\\collections": "src/"
                }
            },
            "notification-url": "https://packagist.org/downloads/",
            "license": [
                "MIT"
            ],
            "authors": [
                {
                    "name": "Nikolas Martens",
                    "email": "Nikolas.M@rtens.org",
                    "homepage": "http://rtens.org"
                }
            ],
            "description": "Array wrapper for more structured collections for PHP",
            "homepage": "http://github.com/watoki/collections",
            "keywords": [
                "collection",
                "data structure",
                "watoki"
            ],
            "time": "2015-08-07 08:22:49"
        },
        {
            "name": "watoki/curir",
            "version": "dev-master",
            "source": {
                "type": "git",
                "url": "https://github.com/watoki/curir.git",
                "reference": "6b79793a2d523cd9beaa3e8a0d9f87c06de2f3a4"
            },
            "dist": {
                "type": "zip",
                "url": "https://api.github.com/repos/watoki/curir/zipball/6b79793a2d523cd9beaa3e8a0d9f87c06de2f3a4",
                "reference": "6b79793a2d523cd9beaa3e8a0d9f87c06de2f3a4",
                "shasum": ""
            },
            "require": {
                "php": ">=5.4",
                "watoki/collections": "*",
                "watoki/deli": "dev-master",
                "watoki/factory": "*",
                "watoki/stores": "*"
            },
            "require-dev": {
                "watoki/scrut": "*"
            },
            "type": "library",
            "autoload": {
                "psr-0": {
                    "watoki\\curir": "src/",
                    "spec\\watoki\\curir": ""
                }
            },
            "notification-url": "https://packagist.org/downloads/",
            "license": [
                "MIT"
            ],
            "authors": [
                {
                    "name": "Nikolas Martens",
                    "email": "Nikolas.M@rtens.org",
                    "homepage": "http://rtens.org"
                }
            ],
            "description": "Web delivery system for PHP applications",
            "homepage": "http://github.com/watoki/curir",
            "keywords": [
                "mvc",
                "router",
                "routing",
                "watoki"
            ],
            "time": "2016-02-18 01:40:26"
        },
        {
            "name": "watoki/deli",
            "version": "dev-master",
            "source": {
                "type": "git",
                "url": "https://github.com/watoki/deli.git",
                "reference": "af7a672d6208b564c24384bf1014d8c00e91fda4"
            },
            "dist": {
                "type": "zip",
                "url": "https://api.github.com/repos/watoki/deli/zipball/af7a672d6208b564c24384bf1014d8c00e91fda4",
                "reference": "af7a672d6208b564c24384bf1014d8c00e91fda4",
                "shasum": ""
            },
            "require": {
                "php": ">=5.4",
                "watoki/collections": "*",
                "watoki/factory": "*",
                "watoki/reflect": "*",
                "watoki/stores": "*"
            },
            "require-dev": {
                "watoki/scrut": "*"
            },
            "type": "library",
            "autoload": {
                "psr-0": {
                    "watoki\\deli": "src/",
                    "spec\\watoki\\deli": ""
                }
            },
            "notification-url": "https://packagist.org/downloads/",
            "license": [
                "MIT"
            ],
            "authors": [
                {
                    "name": "Nikolas Martens",
                    "email": "Nikolas.M@rtens.org",
                    "homepage": "http://rtens.org"
                }
            ],
            "description": "Abstract delivery system for PHP applications",
            "homepage": "http://github.com/watoki/deli",
            "keywords": [
                "delivery",
                "router",
                "routing",
                "watoki"
            ],
            "time": "2016-02-18 01:43:12"
        },
        {
            "name": "watoki/factory",
            "version": "v1.0",
            "source": {
                "type": "git",
                "url": "https://github.com/watoki/factory.git",
                "reference": "689d178b1f475ae34e6f1b1bdaa3d17d07cee2f2"
            },
            "dist": {
                "type": "zip",
                "url": "https://api.github.com/repos/watoki/factory/zipball/689d178b1f475ae34e6f1b1bdaa3d17d07cee2f2",
                "reference": "689d178b1f475ae34e6f1b1bdaa3d17d07cee2f2",
                "shasum": ""
            },
            "require": {
                "php": ">=5.3.8",
                "watoki/reflect": "*"
            },
            "require-dev": {
                "watoki/scrut": "*"
            },
            "type": "library",
            "autoload": {
                "psr-0": {
                    "watoki\\factory": "src/",
                    "spec\\watoki\\factory": ""
                }
            },
            "notification-url": "https://packagist.org/downloads/",
            "license": [
                "MIT"
            ],
            "authors": [
                {
                    "name": "Nikolas Martens",
                    "email": "Nikolas.M@rtens.org",
                    "homepage": "http://rtens.org"
                }
            ],
            "description": "A simple dependency injection container for PHP",
            "homepage": "http://github.com/watoki/factory",
            "keywords": [
                "dependency injection",
                "watoki"
            ],
            "time": "2016-02-17 05:49:53"
        },
        {
            "name": "watoki/reflect",
            "version": "v1.0",
            "source": {
                "type": "git",
                "url": "https://github.com/watoki/reflect.git",
                "reference": "1d85de462f942d6d387811cd71ccc7623dc01f12"
            },
            "dist": {
                "type": "zip",
                "url": "https://api.github.com/repos/watoki/reflect/zipball/1d85de462f942d6d387811cd71ccc7623dc01f12",
                "reference": "1d85de462f942d6d387811cd71ccc7623dc01f12",
                "shasum": ""
            },
            "require": {
                "nikic/php-parser": "1.*",
                "php": ">=5.4",
                "watoki/collections": "*"
            },
            "require-dev": {
                "watoki/scrut": "*"
            },
            "type": "library",
            "autoload": {
                "psr-0": {
                    "watoki\\reflect": "src/",
                    "spec\\watoki\\reflect": ""
                }
            },
            "notification-url": "https://packagist.org/downloads/",
            "license": [
                "MIT"
            ],
            "authors": [
                {
                    "name": "Nikolas Martens",
                    "email": "Nikolas.M@rtens.org",
                    "homepage": "http://rtens.org"
                }
            ],
            "description": "Enhanced reflection capabilities for PHP",
            "homepage": "http://github.com/watoki/reflect",
            "keywords": [
                "reflection",
                "type hints",
                "watoki"
            ],
            "time": "2016-02-13 08:14:45"
        },
        {
            "name": "watoki/smokey",
            "version": "dev-master",
            "source": {
                "type": "git",
                "url": "https://github.com/watoki/smokey.git",
                "reference": "dc577b0b043b70b596fe3e4fd2d32591408be417"
            },
            "dist": {
                "type": "zip",
                "url": "https://api.github.com/repos/watoki/smokey/zipball/dc577b0b043b70b596fe3e4fd2d32591408be417",
                "reference": "dc577b0b043b70b596fe3e4fd2d32591408be417",
                "shasum": ""
            },
            "require": {
                "php": ">=5.3.2"
            },
            "type": "library",
            "autoload": {
                "psr-0": {
                    "spec\\watoki\\smokey": "",
                    "watoki\\smokey": "src/"
                }
            },
            "notification-url": "https://packagist.org/downloads/",
            "license": [
                "MIT"
            ],
            "authors": [
                {
                    "name": "Nikolas Martens",
                    "email": "Nikolas.M@rtens.org",
                    "homepage": "http://rtens.org"
                }
            ],
            "description": "Simple runtime event dispatcher for PHP",
            "homepage": "http://github.com/watoki/smokey",
            "keywords": [
                "event",
                "event dispatcher",
                "watoki"
            ],
            "time": "2014-10-28 15:29:21"
        },
        {
            "name": "watoki/stores",
            "version": "dev-master",
            "source": {
                "type": "git",
                "url": "https://github.com/watoki/stores.git",
                "reference": "a05679818891becb5d7278120a301ac00fd97ade"
            },
            "dist": {
                "type": "zip",
                "url": "https://api.github.com/repos/watoki/stores/zipball/a05679818891becb5d7278120a301ac00fd97ade",
                "reference": "a05679818891becb5d7278120a301ac00fd97ade",
                "shasum": ""
            },
            "require": {
                "php": ">=5.4",
                "watoki/collections": "*",
                "watoki/reflect": "*"
            },
            "require-dev": {
                "watoki/scrut": "*"
            },
            "type": "library",
            "autoload": {
                "psr-0": {
                    "watoki\\stores": "src/",
                    "spec\\watoki\\stores": ""
                }
            },
            "notification-url": "https://packagist.org/downloads/",
            "license": [
                "MIT"
            ],
            "authors": [
                {
                    "name": "Nikolas Martens",
                    "email": "Nikolas.M@rtens.org",
                    "homepage": "http://rtens.org"
                }
            ],
            "description": "PHP library for simple PDO based data storage.",
            "homepage": "http://github.com/watoki/stores",
            "keywords": [
                "database",
                "pdo",
                "repository",
                "storage",
                "watoki"
            ],
            "time": "2016-02-17 17:29:28"
        }
    ],
    "packages-dev": [
        {
            "name": "rtens/mockster",
            "version": "dev-master",
            "source": {
                "type": "git",
                "url": "https://github.com/rtens/mockster.git",
                "reference": "72718947820cf364c71ff2d6ee7f7068b27f07db"
            },
            "dist": {
                "type": "zip",
                "url": "https://api.github.com/repos/rtens/mockster/zipball/72718947820cf364c71ff2d6ee7f7068b27f07db",
                "reference": "72718947820cf364c71ff2d6ee7f7068b27f07db",
                "shasum": ""
            },
            "require": {
                "php": ">=5.5",
                "watoki/factory": "1.*",
                "watoki/reflect": "1.*"
            },
            "require-dev": {
                "rtens/scrut": "*"
            },
            "type": "library",
            "autoload": {
                "psr-4": {
                    "rtens\\mockster\\": "src/"
                }
            },
            "notification-url": "https://packagist.org/downloads/",
            "license": [
                "MIT"
            ],
            "authors": [
                {
                    "name": "Nikolas Martens",
                    "email": "Nikolas.M@rtens.org",
                    "homepage": "http://rtens.org"
                }
            ],
            "description": "PHP Mocking framework",
            "homepage": "http://github.com/rtens/mockster",
            "keywords": [
                "BDD",
                "mock",
                "mocking",
                "unit testing"
            ],
            "time": "2016-02-17 05:58:18"
        },
        {
            "name": "rtens/scrut",
            "version": "dev-master",
            "source": {
                "type": "git",
                "url": "https://github.com/rtens/scrut.git",
                "reference": "aac4c34f19c93a59fd917175ec7e64b9298c0921"
            },
            "dist": {
                "type": "zip",
                "url": "https://api.github.com/repos/rtens/scrut/zipball/aac4c34f19c93a59fd917175ec7e64b9298c0921",
                "reference": "aac4c34f19c93a59fd917175ec7e64b9298c0921",
                "shasum": ""
            },
            "require": {
                "php": ">=5.5",
                "watoki/factory": "1.*"
            },
            "bin": [
                "bin/scrut"
            ],
            "type": "library",
            "autoload": {
                "psr-0": {
                    "rtens\\scrut": "src/",
                    "spec\\rtens\\scrut": ""
                }
            },
            "notification-url": "https://packagist.org/downloads/",
            "license": [
                "MIT"
            ],
            "authors": [
                {
                    "name": "Nikolas Martens",
                    "email": "Nikolas.M@rtens.org",
                    "homepage": "http://rtens.org"
                }
            ],
            "description": "Light-weight test runner for PHP",
            "homepage": "http://github.com/rtens/scrut",
            "keywords": [
                "BDD",
                "TDD",
                "test",
                "test runner"
            ],
            "time": "2016-02-17 06:03:43"
        }
    ],
    "aliases": [],
    "minimum-stability": "dev",
    "stability-flags": {
        "rtens/domin": 20,
        "watoki/curir": 20,
        "watoki/stores": 20,
        "rtens/scrut": 20,
        "rtens/mockster": 20
    },
    "prefer-stable": false,
    "prefer-lowest": false,
    "platform": [],
    "platform-dev": []
}
